
Microsoft Visual Studio Solution File, Format Version 12.00
# Visual Studio 15
VisualStudioVersion = 15.0.28307.1525
MinimumVisualStudioVersion = 10.0.40219.1
Project("{FAE04EC0-301F-11D3-BF4B-00C04F79EFBC}") = "w3c", "w3c\w3c.csproj", "{5E04C714-8CF4-4143-871C-FC5AD1F0A2C9}"
EndProject
Global
	GlobalSection(SolutionConfigurationPlatforms) = preSolution
		Debug|Any CPU = Debug|Any CPU
		Release|Any CPU = Release|Any CPU
	EndGlobalSection
	GlobalSection(ProjectConfigurationPlatforms) = postSolution
		{5E04C714-8CF4-4143-871C-FC5AD1F0A2C9}.Debug|Any CPU.ActiveCfg = Debug|Any CPU
		{5E04C714-8CF4-4143-871C-FC5AD1F0A2C9}.Debug|Any CPU.Build.0 = Debug|Any CPU
		{5E04C714-8CF4-4143-871C-FC5AD1F0A2C9}.Release|Any CPU.ActiveCfg = Release|Any CPU
		{5E04C714-8CF4-4143-871C-FC5AD1F0A2C9}.Release|Any CPU.Build.0 = Release|Any CPU
	EndGlobalSection
	GlobalSection(SolutionProperties) = preSolution
		HideSolutionNode = FALSE
	EndGlobalSection
	GlobalSection(ExtensibilityGlobals) = postSolution
		SolutionGuid = {B4A7068A-EB7B-4AD5-A6D9-B66CDAC7DC00}
	EndGlobalSection
EndGlobal
